
Microsoft Visual Studio Solution File, Format Version 12.00
# Visual Studio Version 17
VisualStudioVersion = 17.11.35222.181
MinimumVisualStudioVersion = 10.0.40219.1
Project("{FAE04EC0-301F-11D3-BF4B-00C04F79EFBC}") = "MUStrokeTriageApp", "MUStrokeTriageApp.csproj", "{524920F5-F064-4DD0-82DD-97E5579DA447}"
EndProject
Global
	GlobalSection(SolutionConfigurationPlatforms) = preSolution
		Debug|Any CPU = Debug|Any CPU
		Release|Any CPU = Release|Any CPU
	EndGlobalSection
	GlobalSection(ProjectConfigurationPlatforms) = postSolution
		{524920F5-F064-4DD0-82DD-97E5579DA447}.Debug|Any CPU.ActiveCfg = Debug|Any CPU
		{524920F5-F064-4DD0-82DD-97E5579DA447}.Debug|Any CPU.Build.0 = Debug|Any CPU
		{524920F5-F064-4DD0-82DD-97E5579DA447}.Release|Any CPU.ActiveCfg = Release|Any CPU
		{524920F5-F064-4DD0-82DD-97E5579DA447}.Release|Any CPU.Build.0 = Release|Any CPU
	EndGlobalSection
	GlobalSection(SolutionProperties) = preSolution
		HideSolutionNode = FALSE
	EndGlobalSection
	GlobalSection(ExtensibilityGlobals) = postSolution
		SolutionGuid = {3F9AF7DB-8158-4E72-A447-6E5FC8653673}
	EndGlobalSection
EndGlobal
